// !$*UTF8*$!
{
	archiveVersion = 1;
	classes = {
	};
	objectVersion = 53;
	objects = {

/* Begin PBXBuildFile section */
		ED4D0CB81839C398000CE90B /* BMUIView.m in Sources */ = {isa = PBXBuildFile; fileRef = ED4D0CB71839C398000CE90B /* BMUIView.m */; };
		ED4D0CBB183AA289000CE90B /* BMModelEvent.m in Sources */ = {isa = PBXBuildFile; fileRef = ED4D0CBA183AA289000CE90B /* BMModelEvent.m */; };
		ED5B4B6419318AE500445E7E /* CoreData.framework in Frameworks */ = {isa = PBXBuildFile; fileRef = ED5B4B6319318AE500445E7E /* CoreData.framework */; };
		ED5B4B671931998300445E7E /* Model.xcdatamodeld in Sources */ = {isa = PBXBuildFile; fileRef = ED5B4B651931998300445E7E /* Model.xcdatamodeld */; };
		ED5B4B6A19319BFF00445E7E /* Device.m in Sources */ = {isa = PBXBuildFile; fileRef = ED5B4B6919319BFF00445E7E /* Device.m */; };
		ED5B4B6D19319C6600445E7E /* BMPersistence.m in Sources */ = {isa = PBXBuildFile; fileRef = ED5B4B6C19319C6600445E7E /* BMPersistence.m */; };
		ED5B4B6F1934F9C800445E7E /* Settings.bundle in Resources */ = {isa = PBXBuildFile; fileRef = ED5B4B6E1934F9C800445E7E /* Settings.bundle */; };
		ED795B191CB477F600402142 /* Launch Screen.storyboard in Resources */ = {isa = PBXBuildFile; fileRef = ED795B181CB477F600402142 /* Launch Screen.storyboard */; };
		EDDB3B67192C442C00CC1D58 /* BMBluetoothLE.m in Sources */ = {isa = PBXBuildFile; fileRef = EDDB3B66192C442C00CC1D58 /* BMBluetoothLE.m */; };
		EDDB3B6A192D148B00CC1D58 /* BMSensorManager.m in Sources */ = {isa = PBXBuildFile; fileRef = EDDB3B69192D148B00CC1D58 /* BMSensorManager.m */; };
		EDE96B3317EFE6B400BA52D1 /* Foundation.framework in Frameworks */ = {isa = PBXBuildFile; fileRef = EDE96B3217EFE6B400BA52D1 /* Foundation.framework */; };
		EDE96B3517EFE6B400BA52D1 /* CoreGraphics.framework in Frameworks */ = {isa = PBXBuildFile; fileRef = EDE96B3417EFE6B400BA52D1 /* CoreGraphics.framework */; };
		EDE96B3717EFE6B400BA52D1 /* UIKit.framework in Frameworks */ = {isa = PBXBuildFile; fileRef = EDE96B3617EFE6B400BA52D1 /* UIKit.framework */; };
		EDE96B3D17EFE6B500BA52D1 /* InfoPlist.strings in Resources */ = {isa = PBXBuildFile; fileRef = EDE96B3B17EFE6B500BA52D1 /* InfoPlist.strings */; };
		EDE96B3F17EFE6B500BA52D1 /* main.m in Sources */ = {isa = PBXBuildFile; fileRef = EDE96B3E17EFE6B500BA52D1 /* main.m */; };
		EDE96B4317EFE6B500BA52D1 /* BMAppDelegate.m in Sources */ = {isa = PBXBuildFile; fileRef = EDE96B4217EFE6B500BA52D1 /* BMAppDelegate.m */; };
		EDE96B4617EFE6B600BA52D1 /* Main.storyboard in Resources */ = {isa = PBXBuildFile; fileRef = EDE96B4417EFE6B600BA52D1 /* Main.storyboard */; };
		EDE96B4917EFE6B600BA52D1 /* BMViewController.m in Sources */ = {isa = PBXBuildFile; fileRef = EDE96B4817EFE6B600BA52D1 /* BMViewController.m */; };
		EDE96B4B17EFE6B600BA52D1 /* Images.xcassets in Resources */ = {isa = PBXBuildFile; fileRef = EDE96B4A17EFE6B600BA52D1 /* Images.xcassets */; };
		EDE96B5217EFE6B700BA52D1 /* XCTest.framework in Frameworks */ = {isa = PBXBuildFile; fileRef = EDE96B5117EFE6B700BA52D1 /* XCTest.framework */; };
		EDE96B5317EFE6B700BA52D1 /* Foundation.framework in Frameworks */ = {isa = PBXBuildFile; fileRef = EDE96B3217EFE6B400BA52D1 /* Foundation.framework */; };
		EDE96B5417EFE6B700BA52D1 /* UIKit.framework in Frameworks */ = {isa = PBXBuildFile; fileRef = EDE96B3617EFE6B400BA52D1 /* UIKit.framework */; };
		EDE96B5C17EFE6B700BA52D1 /* InfoPlist.strings in Resources */ = {isa = PBXBuildFile; fileRef = EDE96B5A17EFE6B700BA52D1 /* InfoPlist.strings */; };
		EDE96B5E17EFE6B800BA52D1 /* BiometricTests.m in Sources */ = {isa = PBXBuildFile; fileRef = EDE96B5D17EFE6B800BA52D1 /* BiometricTests.m */; };
/* End PBXBuildFile section */

/* Begin PBXContainerItemProxy section */
		EDE96B5517EFE6B700BA52D1 /* PBXContainerItemProxy */ = {
			isa = PBXContainerItemProxy;
			containerPortal = EDE96B2717EFE6B400BA52D1 /* Project object */;
			proxyType = 1;
			remoteGlobalIDString = EDE96B2E17EFE6B400BA52D1;
			remoteInfo = Biometric;
		};
/* End PBXContainerItemProxy section */

/* Begin PBXFileReference section */
		ED4D0CB61839C398000CE90B /* BMUIView.h */ = {isa = PBXFileReference; fileEncoding = 4; lastKnownFileType = sourcecode.c.h; path = BMUIView.h; sourceTree = "<group>"; };
		ED4D0CB71839C398000CE90B /* BMUIView.m */ = {isa = PBXFileReference; fileEncoding = 4; lastKnownFileType = sourcecode.c.objc; path = BMUIView.m; sourceTree = "<group>"; };
		ED4D0CB9183AA289000CE90B /* BMModelEvent.h */ = {isa = PBXFileReference; fileEncoding = 4; lastKnownFileType = sourcecode.c.h; path = BMModelEvent.h; sourceTree = "<group>"; };
		ED4D0CBA183AA289000CE90B /* BMModelEvent.m */ = {isa = PBXFileReference; fileEncoding = 4; lastKnownFileType = sourcecode.c.objc; path = BMModelEvent.m; sourceTree = "<group>"; };
		ED4D0CBF183B0405000CE90B /* BMViewDelegateProtocol.h */ = {isa = PBXFileReference; lastKnownFileType = sourcecode.c.h; path = BMViewDelegateProtocol.h; sourceTree = "<group>"; };
		ED5B4B6319318AE500445E7E /* CoreData.framework */ = {isa = PBXFileReference; lastKnownFileType = wrapper.framework; name = CoreData.framework; path = System/Library/Frameworks/CoreData.framework; sourceTree = SDKROOT; };
		ED5B4B661931998300445E7E /* Model.xcdatamodel */ = {isa = PBXFileReference; lastKnownFileType = wrapper.xcdatamodel; path = Model.xcdatamodel; sourceTree = "<group>"; };
		ED5B4B6819319BFF00445E7E /* Device.h */ = {isa = PBXFileReference; fileEncoding = 4; lastKnownFileType = sourcecode.c.h; path = Device.h; sourceTree = "<group>"; };
		ED5B4B6919319BFF00445E7E /* Device.m */ = {isa = PBXFileReference; fileEncoding = 4; lastKnownFileType = sourcecode.c.objc; path = Device.m; sourceTree = "<group>"; };
		ED5B4B6B19319C6600445E7E /* BMPersistence.h */ = {isa = PBXFileReference; fileEncoding = 4; lastKnownFileType = sourcecode.c.h; path = BMPersistence.h; sourceTree = "<group>"; };
		ED5B4B6C19319C6600445E7E /* BMPersistence.m */ = {isa = PBXFileReference; fileEncoding = 4; lastKnownFileType = sourcecode.c.objc; path = BMPersistence.m; sourceTree = "<group>"; };
		ED5B4B6E1934F9C800445E7E /* Settings.bundle */ = {isa = PBXFileReference; lastKnownFileType = "wrapper.plug-in"; path = Settings.bundle; sourceTree = "<group>"; };
		ED795B181CB477F600402142 /* Launch Screen.storyboard */ = {isa = PBXFileReference; fileEncoding = 4; lastKnownFileType = file.storyboard; path = "Launch Screen.storyboard"; sourceTree = "<group>"; };
		EDDB3B65192C442C00CC1D58 /* BMBluetoothLE.h */ = {isa = PBXFileReference; fileEncoding = 4; lastKnownFileType = sourcecode.c.h; name = BMBluetoothLE.h; path = ../BMBluetoothLE.h; sourceTree = "<group>"; };
		EDDB3B66192C442C00CC1D58 /* BMBluetoothLE.m */ = {isa = PBXFileReference; fileEncoding = 4; lastKnownFileType = sourcecode.c.objc; name = BMBluetoothLE.m; path = ../BMBluetoothLE.m; sourceTree = "<group>"; };
		EDDB3B68192D148B00CC1D58 /* BMSensorManager.h */ = {isa = PBXFileReference; fileEncoding = 4; lastKnownFileType = sourcecode.c.h; path = BMSensorManager.h; sourceTree = "<group>"; };
		EDDB3B69192D148B00CC1D58 /* BMSensorManager.m */ = {isa = PBXFileReference; fileEncoding = 4; lastKnownFileType = sourcecode.c.objc; path = BMSensorManager.m; sourceTree = "<group>"; };
		EDE96B2F17EFE6B400BA52D1 /* Biometric.app */ = {isa = PBXFileReference; explicitFileType = wrapper.application; includeInIndex = 0; path = Biometric.app; sourceTree = BUILT_PRODUCTS_DIR; };
		EDE96B3217EFE6B400BA52D1 /* Foundation.framework */ = {isa = PBXFileReference; lastKnownFileType = wrapper.framework; name = Foundation.framework; path = System/Library/Frameworks/Foundation.framework; sourceTree = SDKROOT; };
		EDE96B3417EFE6B400BA52D1 /* CoreGraphics.framework */ = {isa = PBXFileReference; lastKnownFileType = wrapper.framework; name = CoreGraphics.framework; path = System/Library/Frameworks/CoreGraphics.framework; sourceTree = SDKROOT; };
		EDE96B3617EFE6B400BA52D1 /* UIKit.framework */ = {isa = PBXFileReference; lastKnownFileType = wrapper.framework; name = UIKit.framework; path = System/Library/Frameworks/UIKit.framework; sourceTree = SDKROOT; };
		EDE96B3A17EFE6B400BA52D1 /* Biometric-Info.plist */ = {isa = PBXFileReference; lastKnownFileType = text.plist.xml; path = "Biometric-Info.plist"; sourceTree = "<group>"; };
		EDE96B3C17EFE6B500BA52D1 /* en */ = {isa = PBXFileReference; lastKnownFileType = text.plist.strings; name = en; path = en.lproj/InfoPlist.strings; sourceTree = "<group>"; };
		EDE96B3E17EFE6B500BA52D1 /* main.m */ = {isa = PBXFileReference; lastKnownFileType = sourcecode.c.objc; path = main.m; sourceTree = "<group>"; };
		EDE96B4017EFE6B500BA52D1 /* Biometric-Prefix.pch */ = {isa = PBXFileReference; lastKnownFileType = sourcecode.c.h; path = "Biometric-Prefix.pch"; sourceTree = "<group>"; };
		EDE96B4117EFE6B500BA52D1 /* BMAppDelegate.h */ = {isa = PBXFileReference; lastKnownFileType = sourcecode.c.h; path = BMAppDelegate.h; sourceTree = "<group>"; };
		EDE96B4217EFE6B500BA52D1 /* BMAppDelegate.m */ = {isa = PBXFileReference; lastKnownFileType = sourcecode.c.objc; path = BMAppDelegate.m; sourceTree = "<group>"; };
		EDE96B4517EFE6B600BA52D1 /* Base */ = {isa = PBXFileReference; lastKnownFileType = file.storyboard; name = Base; path = Base.lproj/Main.storyboard; sourceTree = "<group>"; };
		EDE96B4717EFE6B600BA52D1 /* BMViewController.h */ = {isa = PBXFileReference; lastKnownFileType = sourcecode.c.h; path = BMViewController.h; sourceTree = "<group>"; };
		EDE96B4817EFE6B600BA52D1 /* BMViewController.m */ = {isa = PBXFileReference; indentWidth = 5; lastKnownFileType = sourcecode.c.objc; path = BMViewController.m; sourceTree = "<group>"; };
		EDE96B4A17EFE6B600BA52D1 /* Images.xcassets */ = {isa = PBXFileReference; lastKnownFileType = folder.assetcatalog; path = Images.xcassets; sourceTree = "<group>"; };
		EDE96B5017EFE6B700BA52D1 /* BiometricTests.xctest */ = {isa = PBXFileReference; explicitFileType = wrapper.cfbundle; includeInIndex = 0; path = BiometricTests.xctest; sourceTree = BUILT_PRODUCTS_DIR; };
		EDE96B5117EFE6B700BA52D1 /* XCTest.framework */ = {isa = PBXFileReference; lastKnownFileType = wrapper.framework; name = XCTest.framework; path = Library/Frameworks/XCTest.framework; sourceTree = DEVELOPER_DIR; };
		EDE96B5917EFE6B700BA52D1 /* BiometricTests-Info.plist */ = {isa = PBXFileReference; lastKnownFileType = text.plist.xml; path = "BiometricTests-Info.plist"; sourceTree = "<group>"; };
		EDE96B5B17EFE6B700BA52D1 /* en */ = {isa = PBXFileReference; lastKnownFileType = text.plist.strings; name = en; path = en.lproj/InfoPlist.strings; sourceTree = "<group>"; };
		EDE96B5D17EFE6B800BA52D1 /* BiometricTests.m */ = {isa = PBXFileReference; lastKnownFileType = sourcecode.c.objc; path = BiometricTests.m; sourceTree = "<group>"; };
/* End PBXFileReference section */

/* Begin PBXFrameworksBuildPhase section */
		EDE96B2C17EFE6B400BA52D1 /* Frameworks */ = {
			isa = PBXFrameworksBuildPhase;
			buildActionMask = 2147483647;
			files = (
				ED5B4B6419318AE500445E7E /* CoreData.framework in Frameworks */,
				EDE96B3517EFE6B400BA52D1 /* CoreGraphics.framework in Frameworks */,
				EDE96B3717EFE6B400BA52D1 /* UIKit.framework in Frameworks */,
				EDE96B3317EFE6B400BA52D1 /* Foundation.framework in Frameworks */,
			);
			runOnlyForDeploymentPostprocessing = 0;
		};
		EDE96B4D17EFE6B700BA52D1 /* Frameworks */ = {
			isa = PBXFrameworksBuildPhase;
			buildActionMask = 2147483647;
			files = (
				EDE96B5217EFE6B700BA52D1 /* XCTest.framework in Frameworks */,
				EDE96B5417EFE6B700BA52D1 /* UIKit.framework in Frameworks */,
				EDE96B5317EFE6B700BA52D1 /* Foundation.framework in Frameworks */,
			);
			runOnlyForDeploymentPostprocessing = 0;
		};
/* End PBXFrameworksBuildPhase section */

/* Begin PBXGroup section */
		EDC4A99118494BBD00FB8043 /* iPad */ = {
			isa = PBXGroup;
			children = (
			);
			name = iPad;
			sourceTree = "<group>";
		};
		EDE96B2617EFE6B400BA52D1 = {
			isa = PBXGroup;
			children = (
				EDE96B3817EFE6B400BA52D1 /* Biometric */,
				EDE96B5717EFE6B700BA52D1 /* BiometricTests */,
				EDE96B3117EFE6B400BA52D1 /* Frameworks */,
				EDE96B3017EFE6B400BA52D1 /* Products */,
			);
			sourceTree = "<group>";
		};
		EDE96B3017EFE6B400BA52D1 /* Products */ = {
			isa = PBXGroup;
			children = (
				EDE96B2F17EFE6B400BA52D1 /* Biometric.app */,
				EDE96B5017EFE6B700BA52D1 /* BiometricTests.xctest */,
			);
			name = Products;
			sourceTree = "<group>";
		};
		EDE96B3117EFE6B400BA52D1 /* Frameworks */ = {
			isa = PBXGroup;
			children = (
				ED5B4B6319318AE500445E7E /* CoreData.framework */,
				EDE96B3217EFE6B400BA52D1 /* Foundation.framework */,
				EDE96B3417EFE6B400BA52D1 /* CoreGraphics.framework */,
				EDE96B3617EFE6B400BA52D1 /* UIKit.framework */,
				EDE96B5117EFE6B700BA52D1 /* XCTest.framework */,
			);
			name = Frameworks;
			sourceTree = "<group>";
		};
		EDE96B3817EFE6B400BA52D1 /* Biometric */ = {
			isa = PBXGroup;
			children = (
				ED5B4B651931998300445E7E /* Model.xcdatamodeld */,
				EDDB3B65192C442C00CC1D58 /* BMBluetoothLE.h */,
				EDDB3B66192C442C00CC1D58 /* BMBluetoothLE.m */,
				EDC4A99118494BBD00FB8043 /* iPad */,
				EDE96B4117EFE6B500BA52D1 /* BMAppDelegate.h */,
				EDE96B4217EFE6B500BA52D1 /* BMAppDelegate.m */,
				EDE96B4417EFE6B600BA52D1 /* Main.storyboard */,
				EDE96B4717EFE6B600BA52D1 /* BMViewController.h */,
				EDE96B4817EFE6B600BA52D1 /* BMViewController.m */,
				EDE96B4A17EFE6B600BA52D1 /* Images.xcassets */,
				EDE96B3917EFE6B400BA52D1 /* Supporting Files */,
				ED4D0CB61839C398000CE90B /* BMUIView.h */,
				ED4D0CB71839C398000CE90B /* BMUIView.m */,
				ED4D0CB9183AA289000CE90B /* BMModelEvent.h */,
				ED4D0CBF183B0405000CE90B /* BMViewDelegateProtocol.h */,
				ED4D0CBA183AA289000CE90B /* BMModelEvent.m */,
				EDDB3B68192D148B00CC1D58 /* BMSensorManager.h */,
				EDDB3B69192D148B00CC1D58 /* BMSensorManager.m */,
				ED5B4B6819319BFF00445E7E /* Device.h */,
				ED5B4B6919319BFF00445E7E /* Device.m */,
				ED5B4B6B19319C6600445E7E /* BMPersistence.h */,
				ED5B4B6C19319C6600445E7E /* BMPersistence.m */,
				ED5B4B6E1934F9C800445E7E /* Settings.bundle */,
				ED795B181CB477F600402142 /* Launch Screen.storyboard */,
			);
			path = Biometric;
			sourceTree = "<group>";
		};
		EDE96B3917EFE6B400BA52D1 /* Supporting Files */ = {
			isa = PBXGroup;
			children = (
				EDE96B3A17EFE6B400BA52D1 /* Biometric-Info.plist */,
				EDE96B3B17EFE6B500BA52D1 /* InfoPlist.strings */,
				EDE96B3E17EFE6B500BA52D1 /* main.m */,
				EDE96B4017EFE6B500BA52D1 /* Biometric-Prefix.pch */,
			);
			name = "Supporting Files";
			sourceTree = "<group>";
		};
		EDE96B5717EFE6B700BA52D1 /* BiometricTests */ = {
			isa = PBXGroup;
			children = (
				EDE96B5D17EFE6B800BA52D1 /* BiometricTests.m */,
				EDE96B5817EFE6B700BA52D1 /* Supporting Files */,
			);
			path = BiometricTests;
			sourceTree = "<group>";
		};
		EDE96B5817EFE6B700BA52D1 /* Supporting Files */ = {
			isa = PBXGroup;
			children = (
				EDE96B5917EFE6B700BA52D1 /* BiometricTests-Info.plist */,
				EDE96B5A17EFE6B700BA52D1 /* InfoPlist.strings */,
			);
			name = "Supporting Files";
			sourceTree = "<group>";
		};
/* End PBXGroup section */

/* Begin PBXNativeTarget section */
		EDE96B2E17EFE6B400BA52D1 /* Biometric */ = {
			isa = PBXNativeTarget;
			buildConfigurationList = EDE96B6117EFE6B800BA52D1 /* Build configuration list for PBXNativeTarget "Biometric" */;
			buildPhases = (
				EDE96B2B17EFE6B400BA52D1 /* Sources */,
				EDE96B2C17EFE6B400BA52D1 /* Frameworks */,
				EDE96B2D17EFE6B400BA52D1 /* Resources */,
			);
			buildRules = (
			);
			dependencies = (
			);
			name = Biometric;
			productName = Biometric;
			productReference = EDE96B2F17EFE6B400BA52D1 /* Biometric.app */;
			productType = "com.apple.product-type.application";
		};
		EDE96B4F17EFE6B700BA52D1 /* BiometricTests */ = {
			isa = PBXNativeTarget;
			buildConfigurationList = EDE96B6417EFE6B800BA52D1 /* Build configuration list for PBXNativeTarget "BiometricTests" */;
			buildPhases = (
				EDE96B4C17EFE6B700BA52D1 /* Sources */,
				EDE96B4D17EFE6B700BA52D1 /* Frameworks */,
				EDE96B4E17EFE6B700BA52D1 /* Resources */,
			);
			buildRules = (
			);
			dependencies = (
				EDE96B5617EFE6B700BA52D1 /* PBXTargetDependency */,
			);
			name = BiometricTests;
			productName = BiometricTests;
			productReference = EDE96B5017EFE6B700BA52D1 /* BiometricTests.xctest */;
			productType = "com.apple.product-type.bundle.unit-test";
		};
/* End PBXNativeTarget section */

/* Begin PBXProject section */
		EDE96B2717EFE6B400BA52D1 /* Project object */ = {
			isa = PBXProject;
			attributes = {
				BuildIndependentTargetsInParallel = YES;
				CLASSPREFIX = BM;
				LastUpgradeCheck = 1430;
				ORGANIZATIONNAME = "Michael O'Brien";
				TargetAttributes = {
					EDE96B2E17EFE6B400BA52D1 = {
						SystemCapabilities = {
							com.apple.BackgroundModes = {
								enabled = 1;
							};
						};
					};
					EDE96B4F17EFE6B700BA52D1 = {
						TestTargetID = EDE96B2E17EFE6B400BA52D1;
					};
				};
			};
			buildConfigurationList = EDE96B2A17EFE6B400BA52D1 /* Build configuration list for PBXProject "Biometric" */;
			compatibilityVersion = "Xcode 6.3";
			developmentRegion = en;
			hasScannedForEncodings = 0;
			knownRegions = (
				en,
				Base,
			);
			mainGroup = EDE96B2617EFE6B400BA52D1;
			productRefGroup = EDE96B3017EFE6B400BA52D1 /* Products */;
			projectDirPath = "";
			projectRoot = "";
			targets = (
				EDE96B2E17EFE6B400BA52D1 /* Biometric */,
				EDE96B4F17EFE6B700BA52D1 /* BiometricTests */,
			);
		};
/* End PBXProject section */

/* Begin PBXResourcesBuildPhase section */
		EDE96B2D17EFE6B400BA52D1 /* Resources */ = {
			isa = PBXResourcesBuildPhase;
			buildActionMask = 2147483647;
			files = (
				ED5B4B6F1934F9C800445E7E /* Settings.bundle in Resources */,
				EDE96B4B17EFE6B600BA52D1 /* Images.xcassets in Resources */,
				EDE96B3D17EFE6B500BA52D1 /* InfoPlist.strings in Resources */,
				ED795B191CB477F600402142 /* Launch Screen.storyboard in Resources */,
				EDE96B4617EFE6B600BA52D1 /* Main.storyboard in Resources */,
			);
			runOnlyForDeploymentPostprocessing = 0;
		};
		EDE96B4E17EFE6B700BA52D1 /* Resources */ = {
			isa = PBXResourcesBuildPhase;
			buildActionMask = 2147483647;
			files = (
				EDE96B5C17EFE6B700BA52D1 /* InfoPlist.strings in Resources */,
			);
			runOnlyForDeploymentPostprocessing = 0;
		};
/* End PBXResourcesBuildPhase section */

/* Begin PBXSourcesBuildPhase section */
		EDE96B2B17EFE6B400BA52D1 /* Sources */ = {
			isa = PBXSourcesBuildPhase;
			buildActionMask = 2147483647;
			files = (
				ED5B4B6D19319C6600445E7E /* BMPersistence.m in Sources */,
				EDE96B4917EFE6B600BA52D1 /* BMViewController.m in Sources */,
				ED4D0CB81839C398000CE90B /* BMUIView.m in Sources */,
				ED4D0CBB183AA289000CE90B /* BMModelEvent.m in Sources */,
				ED5B4B6A19319BFF00445E7E /* Device.m in Sources */,
				ED5B4B671931998300445E7E /* Model.xcdatamodeld in Sources */,
				EDDB3B67192C442C00CC1D58 /* BMBluetoothLE.m in Sources */,
				EDDB3B6A192D148B00CC1D58 /* BMSensorManager.m in Sources */,
				EDE96B3F17EFE6B500BA52D1 /* main.m in Sources */,
				EDE96B4317EFE6B500BA52D1 /* BMAppDelegate.m in Sources */,
			);
			runOnlyForDeploymentPostprocessing = 0;
		};
		EDE96B4C17EFE6B700BA52D1 /* Sources */ = {
			isa = PBXSourcesBuildPhase;
			buildActionMask = 2147483647;
			files = (
				EDE96B5E17EFE6B800BA52D1 /* BiometricTests.m in Sources */,
			);
			runOnlyForDeploymentPostprocessing = 0;
		};
/* End PBXSourcesBuildPhase section */

/* Begin PBXTargetDependency section */
		EDE96B5617EFE6B700BA52D1 /* PBXTargetDependency */ = {
			isa = PBXTargetDependency;
			target = EDE96B2E17EFE6B400BA52D1 /* Biometric */;
			targetProxy = EDE96B5517EFE6B700BA52D1 /* PBXContainerItemProxy */;
		};
/* End PBXTargetDependency section */

/* Begin PBXVariantGroup section */
		EDE96B3B17EFE6B500BA52D1 /* InfoPlist.strings */ = {
			isa = PBXVariantGroup;
			children = (
				EDE96B3C17EFE6B500BA52D1 /* en */,
			);
			name = InfoPlist.strings;
			sourceTree = "<group>";
		};
		EDE96B4417EFE6B600BA52D1 /* Main.storyboard */ = {
			isa = PBXVariantGroup;
			children = (
				EDE96B4517EFE6B600BA52D1 /* Base */,
			);
			name = Main.storyboard;
			sourceTree = "<group>";
		};
		EDE96B5A17EFE6B700BA52D1 /* InfoPlist.strings */ = {
			isa = PBXVariantGroup;
			children = (
				EDE96B5B17EFE6B700BA52D1 /* en */,
			);
			name = InfoPlist.strings;
			sourceTree = "<group>";
		};
/* End PBXVariantGroup section */

/* Begin XCBuildConfiguration section */
		EDE96B5F17EFE6B800BA52D1 /* Debug */ = {
			isa = XCBuildConfiguration;
			buildSettings = {
				ALWAYS_SEARCH_USER_PATHS = NO;
				CLANG_CXX_LANGUAGE_STANDARD = "gnu++0x";
				CLANG_CXX_LIBRARY = "libc++";
				CLANG_ENABLE_MODULES = YES;
				CLANG_ENABLE_OBJC_ARC = YES;
				CLANG_WARN_BLOCK_CAPTURE_AUTORELEASING = YES;
				CLANG_WARN_BOOL_CONVERSION = YES;
				CLANG_WARN_COMMA = YES;
				CLANG_WARN_CONSTANT_CONVERSION = YES;
				CLANG_WARN_DEPRECATED_OBJC_IMPLEMENTATIONS = YES;
				CLANG_WARN_DIRECT_OBJC_ISA_USAGE = YES_ERROR;
				CLANG_WARN_EMPTY_BODY = YES;
				CLANG_WARN_ENUM_CONVERSION = YES;
				CLANG_WARN_INFINITE_RECURSION = YES;
				CLANG_WARN_INT_CONVERSION = YES;
				CLANG_WARN_NON_LITERAL_NULL_CONVERSION = YES;
				CLANG_WARN_OBJC_IMPLICIT_RETAIN_SELF = YES;
				CLANG_WARN_OBJC_LITERAL_CONVERSION = YES;
				CLANG_WARN_OBJC_ROOT_CLASS = YES_ERROR;
				CLANG_WARN_QUOTED_INCLUDE_IN_FRAMEWORK_HEADER = YES;
				CLANG_WARN_RANGE_LOOP_ANALYSIS = YES;
				CLANG_WARN_STRICT_PROTOTYPES = YES;
				CLANG_WARN_SUSPICIOUS_MOVE = YES;
				CLANG_WARN_UNREACHABLE_CODE = YES;
				CLANG_WARN__DUPLICATE_METHOD_MATCH = YES;
				"CODE_SIGN_IDENTITY[sdk=iphoneos*]" = "iPhone Developer";
				COPY_PHASE_STRIP = NO;
				ENABLE_STRICT_OBJC_MSGSEND = YES;
				ENABLE_TESTABILITY = YES;
				GCC_C_LANGUAGE_STANDARD = gnu99;
				GCC_DYNAMIC_NO_PIC = NO;
				GCC_NO_COMMON_BLOCKS = YES;
				GCC_OPTIMIZATION_LEVEL = 0;
				GCC_PREPROCESSOR_DEFINITIONS = (
					"DEBUG=1",
					"$(inherited)",
				);
				GCC_SYMBOLS_PRIVATE_EXTERN = NO;
				GCC_WARN_64_TO_32_BIT_CONVERSION = YES;
				GCC_WARN_ABOUT_RETURN_TYPE = YES_ERROR;
				GCC_WARN_UNDECLARED_SELECTOR = YES;
				GCC_WARN_UNINITIALIZED_AUTOS = YES;
				GCC_WARN_UNUSED_FUNCTION = YES;
				GCC_WARN_UNUSED_VARIABLE = YES;
				IPHONEOS_DEPLOYMENT_TARGET = 13.4;
				ONLY_ACTIVE_ARCH = YES;
				SDKROOT = iphoneos;
			};
			name = Debug;
		};
		EDE96B6017EFE6B800BA52D1 /* Release */ = {
			isa = XCBuildConfiguration;
			buildSettings = {
				ALWAYS_SEARCH_USER_PATHS = NO;
				CLANG_CXX_LANGUAGE_STANDARD = "gnu++0x";
				CLANG_CXX_LIBRARY = "libc++";
				CLANG_ENABLE_MODULES = YES;
				CLANG_ENABLE_OBJC_ARC = YES;
				CLANG_WARN_BLOCK_CAPTURE_AUTORELEASING = YES;
				CLANG_WARN_BOOL_CONVERSION = YES;
				CLANG_WARN_COMMA = YES;
				CLANG_WARN_CONSTANT_CONVERSION = YES;
				CLANG_WARN_DEPRECATED_OBJC_IMPLEMENTATIONS = YES;
				CLANG_WARN_DIRECT_OBJC_ISA_USAGE = YES_ERROR;
				CLANG_WARN_EMPTY_BODY = YES;
				CLANG_WARN_ENUM_CONVERSION = YES;
				CLANG_WARN_INFINITE_RECURSION = YES;
				CLANG_WARN_INT_CONVERSION = YES;
				CLANG_WARN_NON_LITERAL_NULL_CONVERSION = YES;
				CLANG_WARN_OBJC_IMPLICIT_RETAIN_SELF = YES;
				CLANG_WARN_OBJC_LITERAL_CONVERSION = YES;
				CLANG_WARN_OBJC_ROOT_CLASS = YES_ERROR;
				CLANG_WARN_QUOTED_INCLUDE_IN_FRAMEWORK_HEADER = YES;
				CLANG_WARN_RANGE_LOOP_ANALYSIS = YES;
				CLANG_WARN_STRICT_PROTOTYPES = YES;
				CLANG_WARN_SUSPICIOUS_MOVE = YES;
				CLANG_WARN_UNREACHABLE_CODE = YES;
				CLANG_WARN__DUPLICATE_METHOD_MATCH = YES;
				"CODE_SIGN_IDENTITY[sdk=iphoneos*]" = "iPhone Developer";
				COPY_PHASE_STRIP = YES;
				ENABLE_NS_ASSERTIONS = NO;
				ENABLE_STRICT_OBJC_MSGSEND = YES;
				GCC_C_LANGUAGE_STANDARD = gnu99;
				GCC_NO_COMMON_BLOCKS = YES;
				GCC_WARN_64_TO_32_BIT_CONVERSION = YES;
				GCC_WARN_ABOUT_RETURN_TYPE = YES_ERROR;
				GCC_WARN_UNDECLARED_SELECTOR = YES;
				GCC_WARN_UNINITIALIZED_AUTOS = YES;
				GCC_WARN_UNUSED_FUNCTION = YES;
				GCC_WARN_UNUSED_VARIABLE = YES;
				IPHONEOS_DEPLOYMENT_TARGET = 13.4;
				SDKROOT = iphoneos;
				VALIDATE_PRODUCT = YES;
			};
			name = Release;
		};
		EDE96B6217EFE6B800BA52D1 /* Debug */ = {
			isa = XCBuildConfiguration;
			buildSettings = {
				ASSETCATALOG_COMPILER_APPICON_NAME = AppIcon;
				ASSETCATALOG_COMPILER_LAUNCHIMAGE_NAME = LaunchImage;
				CODE_SIGN_IDENTITY = "iPhone Developer";
				"CODE_SIGN_IDENTITY[sdk=iphoneos*]" = "iPhone Developer";
				DEVELOPMENT_TEAM = SKDV4CD2H9;
				GCC_PRECOMPILE_PREFIX_HEADER = YES;
				GCC_PREFIX_HEADER = "Biometric/Biometric-Prefix.pch";
				INFOPLIST_FILE = "Biometric/Biometric-Info.plist";
				IPHONEOS_DEPLOYMENT_TARGET = 12.0;
				PRODUCT_BUNDLE_IDENTIFIER = "com.obrienlabs.${PRODUCT_NAME:rfc1034identifier}";
				PRODUCT_NAME = "$(TARGET_NAME)";
				PROVISIONING_PROFILE = "";
				TARGETED_DEVICE_FAMILY = 1;
				WRAPPER_EXTENSION = app;
			};
			name = Debug;
		};
		EDE96B6317EFE6B800BA52D1 /* Release */ = {
			isa = XCBuildConfiguration;
			buildSettings = {
				ASSETCATALOG_COMPILER_APPICON_NAME = AppIcon;
				ASSETCATALOG_COMPILER_LAUNCHIMAGE_NAME = LaunchImage;
				CODE_SIGN_IDENTITY = "iPhone Developer";
				"CODE_SIGN_IDENTITY[sdk=iphoneos*]" = "iPhone Developer";
				DEVELOPMENT_TEAM = SKDV4CD2H9;
				GCC_PRECOMPILE_PREFIX_HEADER = YES;
				GCC_PREFIX_HEADER = "Biometric/Biometric-Prefix.pch";
				INFOPLIST_FILE = "Biometric/Biometric-Info.plist";
				IPHONEOS_DEPLOYMENT_TARGET = 12.0;
				PRODUCT_BUNDLE_IDENTIFIER = "com.obrienlabs.${PRODUCT_NAME:rfc1034identifier}";
				PRODUCT_NAME = "$(TARGET_NAME)";
				PROVISIONING_PROFILE = "";
				TARGETED_DEVICE_FAMILY = 1;
				WRAPPER_EXTENSION = app;
			};
			name = Release;
		};
		EDE96B6517EFE6B800BA52D1 /* Debug */ = {
			isa = XCBuildConfiguration;
			buildSettings = {
				BUNDLE_LOADER = "$(BUILT_PRODUCTS_DIR)/Biometric.app/Biometric";
				FRAMEWORK_SEARCH_PATHS = (
					"$(SDKROOT)/Developer/Library/Frameworks",
					"$(inherited)",
					"$(DEVELOPER_FRAMEWORKS_DIR)",
				);
				GCC_PRECOMPILE_PREFIX_HEADER = YES;
				GCC_PREFIX_HEADER = "Biometric/Biometric-Prefix.pch";
				GCC_PREPROCESSOR_DEFINITIONS = (
					"DEBUG=1",
					"$(inherited)",
				);
				INFOPLIST_FILE = "BiometricTests/BiometricTests-Info.plist";
				PRODUCT_BUNDLE_IDENTIFIER = "com.obrienlabs.${PRODUCT_NAME:rfc1034identifier}";
				PRODUCT_NAME = "$(TARGET_NAME)";
				TEST_HOST = "$(BUNDLE_LOADER)";
				WRAPPER_EXTENSION = xctest;
			};
			name = Debug;
		};
		EDE96B6617EFE6B800BA52D1 /* Release */ = {
			isa = XCBuildConfiguration;
			buildSettings = {
				BUNDLE_LOADER = "$(BUILT_PRODUCTS_DIR)/Biometric.app/Biometric";
				FRAMEWORK_SEARCH_PATHS = (
					"$(SDKROOT)/Developer/Library/Frameworks",
					"$(inherited)",
					"$(DEVELOPER_FRAMEWORKS_DIR)",
				);
				GCC_PRECOMPILE_PREFIX_HEADER = YES;
				GCC_PREFIX_HEADER = "Biometric/Biometric-Prefix.pch";
				INFOPLIST_FILE = "BiometricTests/BiometricTests-Info.plist";
				PRODUCT_BUNDLE_IDENTIFIER = "com.obrienlabs.${PRODUCT_NAME:rfc1034identifier}";
				PRODUCT_NAME = "$(TARGET_NAME)";
				TEST_HOST = "$(BUNDLE_LOADER)";
				WRAPPER_EXTENSION = xctest;
			};
			name = Release;
		};
/* End XCBuildConfiguration section */

/* Begin XCConfigurationList section */
		EDE96B2A17EFE6B400BA52D1 /* Build configuration list for PBXProject "Biometric" */ = {
			isa = XCConfigurationList;
			buildConfigurations = (
				EDE96B5F17EFE6B800BA52D1 /* Debug */,
				EDE96B6017EFE6B800BA52D1 /* Release */,
			);
			defaultConfigurationIsVisible = 0;
			defaultConfigurationName = Release;
		};
		EDE96B6117EFE6B800BA52D1 /* Build configuration list for PBXNativeTarget "Biometric" */ = {
			isa = XCConfigurationList;
			buildConfigurations = (
				EDE96B6217EFE6B800BA52D1 /* Debug */,
				EDE96B6317EFE6B800BA52D1 /* Release */,
			);
			defaultConfigurationIsVisible = 0;
			defaultConfigurationName = Release;
		};
		EDE96B6417EFE6B800BA52D1 /* Build configuration list for PBXNativeTarget "BiometricTests" */ = {
			isa = XCConfigurationList;
			buildConfigurations = (
				EDE96B6517EFE6B800BA52D1 /* Debug */,
				EDE96B6617EFE6B800BA52D1 /* Release */,
			);
			defaultConfigurationIsVisible = 0;
			defaultConfigurationName = Release;
		};
/* End XCConfigurationList section */

/* Begin XCVersionGroup section */
		ED5B4B651931998300445E7E /* Model.xcdatamodeld */ = {
			isa = XCVersionGroup;
			children = (
				ED5B4B661931998300445E7E /* Model.xcdatamodel */,
			);
			currentVersion = ED5B4B661931998300445E7E /* Model.xcdatamodel */;
			name = Model.xcdatamodeld;
			path = ../Model.xcdatamodeld;
			sourceTree = "<group>";
			versionGroupType = wrapper.xcdatamodel;
		};
/* End XCVersionGroup section */
	};
	rootObject = EDE96B2717EFE6B400BA52D1 /* Project object */;
}
